
Microsoft Visual Studio Solution File, Format Version 12.00
# Visual Studio Version 16
VisualStudioVersion = 16.0.30320.27
MinimumVisualStudioVersion = 10.0.40219.1
Project("{FAE04EC0-301F-11D3-BF4B-00C04F79EFBC}") = "SolutionForAuth", "SolutionForAuth\SolutionForAuth.csproj", "{B0BA9C8B-E688-4709-8868-CE07D49CE58B}"
EndProject
Project("{FAE04EC0-301F-11D3-BF4B-00C04F79EFBC}") = "Auth.Common", "Auth.Common\Auth.Common.csproj", "{DC87503D-2971-4C17-B747-4A925C32B31A}"
EndProject
Project("{FAE04EC0-301F-11D3-BF4B-00C04F79EFBC}") = "Auth.Resourse", "Auth.Resourse\Auth.Resourse.csproj", "{F24FBED2-C386-4CAE-BD0F-FA77E0A18E85}"
EndProject
Global
	GlobalSection(SolutionConfigurationPlatforms) = preSolution
		Debug|Any CPU = Debug|Any CPU
		Release|Any CPU = Release|Any CPU
	EndGlobalSection
	GlobalSection(ProjectConfigurationPlatforms) = postSolution
		{B0BA9C8B-E688-4709-8868-CE07D49CE58B}.Debug|Any CPU.ActiveCfg = Debug|Any CPU
		{B0BA9C8B-E688-4709-8868-CE07D49CE58B}.Debug|Any CPU.Build.0 = Debug|Any CPU
		{B0BA9C8B-E688-4709-8868-CE07D49CE58B}.Release|Any CPU.ActiveCfg = Release|Any CPU
		{B0BA9C8B-E688-4709-8868-CE07D49CE58B}.Release|Any CPU.Build.0 = Release|Any CPU
		{DC87503D-2971-4C17-B747-4A925C32B31A}.Debug|Any CPU.ActiveCfg = Debug|Any CPU
		{DC87503D-2971-4C17-B747-4A925C32B31A}.Debug|Any CPU.Build.0 = Debug|Any CPU
		{DC87503D-2971-4C17-B747-4A925C32B31A}.Release|Any CPU.ActiveCfg = Release|Any CPU
		{DC87503D-2971-4C17-B747-4A925C32B31A}.Release|Any CPU.Build.0 = Release|Any CPU
		{F24FBED2-C386-4CAE-BD0F-FA77E0A18E85}.Debug|Any CPU.ActiveCfg = Debug|Any CPU
		{F24FBED2-C386-4CAE-BD0F-FA77E0A18E85}.Debug|Any CPU.Build.0 = Debug|Any CPU
		{F24FBED2-C386-4CAE-BD0F-FA77E0A18E85}.Release|Any CPU.ActiveCfg = Release|Any CPU
		{F24FBED2-C386-4CAE-BD0F-FA77E0A18E85}.Release|Any CPU.Build.0 = Release|Any CPU
	EndGlobalSection
	GlobalSection(SolutionProperties) = preSolution
		HideSolutionNode = FALSE
	EndGlobalSection
	GlobalSection(ExtensibilityGlobals) = postSolution
		SolutionGuid = {F0FC8975-3A32-47E3-BC14-7F1A67932A9C}
	EndGlobalSection
EndGlobal
